{
    "_readme": [
        "This file locks the dependencies of your project to a known state",
        "Read more about it at http://getcomposer.org/doc/01-basic-usage.md#composer-lock-the-lock-file",
        "This file is @generated automatically"
    ],
    "hash": "44c469366823cd02df745fe447c7d226",
    "packages": [
        {
            "name": "kriswallsmith/assetic",
            "version": "v1.2.0",
            "source": {
                "type": "git",
                "url": "https://github.com/kriswallsmith/assetic.git",
                "reference": "df991c124a2212371443b586a1be767500036dee"
            },
            "dist": {
                "type": "zip",
                "url": "https://api.github.com/repos/kriswallsmith/assetic/zipball/df991c124a2212371443b586a1be767500036dee",
                "reference": "df991c124a2212371443b586a1be767500036dee",
                "shasum": ""
            },
            "require": {
                "php": ">=5.3.1",
                "symfony/process": "~2.1"
            },
            "require-dev": {
                "cssmin/cssmin": "*",
                "joliclic/javascript-packer": "*",
                "kamicane/packager": "*",
                "leafo/lessphp": "*",
                "leafo/scssphp": "*",
                "leafo/scssphp-compass": "*",
                "mrclay/minify": "*",
                "patchwork/jsqueeze": "~1.0",
                "phpunit/phpunit": "~4",
                "psr/log": "~1.0",
                "ptachoire/cssembed": "*",
                "twig/twig": "~1.6"
            },
            "suggest": {
                "leafo/lessphp": "Assetic provides the integration with the lessphp LESS compiler",
                "leafo/scssphp": "Assetic provides the integration with the scssphp SCSS compiler",
                "leafo/scssphp-compass": "Assetic provides the integration with the SCSS compass plugin",
                "patchwork/jsqueeze": "Assetic provides the integration with the JSqueeze JavaScript compressor",
                "ptachoire/cssembed": "Assetic provides the integration with phpcssembed to embed data uris",
                "twig/twig": "Assetic provides the integration with the Twig templating engine"
            },
            "type": "library",
            "extra": {
                "branch-alias": {
                    "dev-master": "1.2-dev"
                }
            },
            "autoload": {
                "psr-0": {
                    "Assetic": "src/"
                },
                "files": [
                    "src/functions.php"
                ]
            },
            "notification-url": "https://packagist.org/downloads/",
            "license": [
                "MIT"
            ],
            "authors": [
                {
                    "name": "Kris Wallsmith",
                    "email": "kris.wallsmith@gmail.com",
                    "homepage": "http://kriswallsmith.net/"
                }
            ],
            "description": "Asset Management for PHP",
            "homepage": "https://github.com/kriswallsmith/assetic",
            "keywords": [
                "assets",
                "compression",
                "minification"
            ],
            "time": "2014-10-14 14:45:32"
        },
        {
            "name": "leafo/lessphp",
            "version": "v0.4.0",
            "source": {
                "type": "git",
                "url": "https://github.com/leafo/lessphp.git",
                "reference": "51f3f06f0fe78a722dabfd14578444bdd078d9de"
            },
            "dist": {
                "type": "zip",
                "url": "https://api.github.com/repos/leafo/lessphp/zipball/51f3f06f0fe78a722dabfd14578444bdd078d9de",
                "reference": "51f3f06f0fe78a722dabfd14578444bdd078d9de",
                "shasum": ""
            },
            "type": "library",
            "extra": {
                "branch-alias": {
                    "dev-master": "0.3-dev"
                }
            },
            "autoload": {
                "classmap": [
                    "lessc.inc.php"
                ]
            },
            "notification-url": "https://packagist.org/downloads/",
            "license": [
                "MIT",
                "GPL-3.0"
            ],
            "authors": [
                {
                    "name": "Leaf Corcoran",
                    "email": "leafot@gmail.com",
                    "homepage": "http://leafo.net"
                }
            ],
            "description": "lessphp is a compiler for LESS written in PHP.",
            "homepage": "http://leafo.net/lessphp/",
            "time": "2013-08-09 17:09:19"
        },
        {
            "name": "leafo/scssphp",
            "version": "dev-master",
            "source": {
                "type": "git",
                "url": "https://github.com/leafo/scssphp.git",
                "reference": "b65729d314abd13f83507a406246746e278f135d"
            },
            "dist": {
                "type": "zip",
                "url": "https://api.github.com/repos/leafo/scssphp/zipball/b65729d314abd13f83507a406246746e278f135d",
                "reference": "b65729d314abd13f83507a406246746e278f135d",
                "shasum": ""
            },
            "require": {
                "php": ">=5.3.0"
            },
            "require-dev": {
                "phpunit/phpunit": "3.7.*"
            },
            "bin": [
                "bin/pscss"
            ],
            "type": "library",
            "autoload": {
                "classmap": [
                    "classmap.php"
                ],
                "psr-4": {
                    "Leafo\\ScssPhp\\": "src/"
                }
            },
            "notification-url": "https://packagist.org/downloads/",
            "license": [
                "MIT",
                "GPL-3.0"
            ],
            "authors": [
                {
                    "name": "Leaf Corcoran",
                    "email": "leafot@gmail.com",
                    "homepage": "http://leafo.net"
                }
            ],
            "description": "scssphp is a compiler for SCSS written in PHP.",
            "homepage": "http://leafo.net/scssphp/",
            "keywords": [
                "css",
                "less",
                "sass",
                "scss",
                "stylesheet"
            ],
            "time": "2014-11-01 17:49:18"
        },
        {
            "name": "leafo/scssphp-compass",
            "version": "dev-master",
            "source": {
                "type": "git",
                "url": "https://github.com/leafo/scssphp-compass.git",
                "reference": "f1631ddb17731326863954d99b39694f0bbed6ec"
            },
            "dist": {
                "type": "zip",
                "url": "https://api.github.com/repos/leafo/scssphp-compass/zipball/f1631ddb17731326863954d99b39694f0bbed6ec",
                "reference": "f1631ddb17731326863954d99b39694f0bbed6ec",
                "shasum": ""
            },
            "require": {
                "leafo/scssphp": "dev-master"
            },
            "type": "library",
            "autoload": {
                "classmap": [
                    "compass.inc.php"
                ]
            },
            "notification-url": "https://packagist.org/downloads/",
            "authors": [
                {
                    "name": "Leaf Corcoran",
                    "email": "leafot@gmail.com",
                    "homepage": "http://leafo.net"
                }
            ],
            "description": "Compass for scssphp",
            "homepage": "http://leafo.net/scssphp/",
            "time": "2012-08-02 02:04:32"
        },
        {
            "name": "patchwork/jsqueeze",
            "version": "dev-master",
            "source": {
                "type": "git",
                "url": "https://github.com/nicolas-grekas/JSqueeze.git",
                "reference": "95f014738f93b5e0cf855da3745e5f617c41bec6"
            },
            "dist": {
                "type": "zip",
                "url": "https://api.github.com/repos/nicolas-grekas/JSqueeze/zipball/95f014738f93b5e0cf855da3745e5f617c41bec6",
                "reference": "95f014738f93b5e0cf855da3745e5f617c41bec6",
                "shasum": ""
            },
            "require": {
                "php": ">=5.1.4"
            },
            "type": "library",
            "autoload": {
                "psr-0": {
                    "JSqueeze": "class/"
                }
            },
            "notification-url": "https://packagist.org/downloads/",
            "license": [
                "(Apache-2.0 or GPL-2.0)"
            ],
            "authors": [
                {
                    "name": "Nicolas Grekas",
                    "email": "p@tchwork.com",
                    "role": "Developer"
                }
            ],
            "description": "Efficient JavaScript minification in PHP",
            "homepage": "https://github.com/nicolas-grekas/JSqueeze",
            "keywords": [
                "compression",
                "javascript",
                "minification"
            ],
            "time": "2014-08-05 07:46:33"
        },
        {
            "name": "ptachoire/cssembed",
            "version": "dev-master",
            "source": {
                "type": "git",
                "url": "https://github.com/krichprollsch/phpCssEmbed.git",
                "reference": "fe4cb93fb565e739c6ed2d726afcf35070804f60"
            },
            "dist": {
                "type": "zip",
                "url": "https://api.github.com/repos/krichprollsch/phpCssEmbed/zipball/fe4cb93fb565e739c6ed2d726afcf35070804f60",
                "reference": "fe4cb93fb565e739c6ed2d726afcf35070804f60",
                "shasum": ""
            },
            "require": {
                "php": ">=5.3.0"
            },
            "type": "library",
            "autoload": {
                "psr-0": {
                    "CssEmbed": "src/"
                }
            },
            "notification-url": "https://packagist.org/downloads/",
            "license": [
                "MIT"
            ],
            "authors": [
                {
                    "name": "Pierre Tachoire",
                    "email": "pierre.tachoire@gmail.com"
                }
            ],
            "description": "Css url embed library.",
            "homepage": "https://github.com/krichprollsch/phpCssEmbed",
            "keywords": [
                "css",
                "url"
            ],
            "time": "2014-07-18 14:10:18"
        },
        {
            "name": "symfony/process",
            "version": "v2.5.6",
            "target-dir": "Symfony/Component/Process",
            "source": {
                "type": "git",
                "url": "https://github.com/symfony/Process.git",
                "reference": "9bbacbb3a7a27b17c0d51e2f126f59e0e588ad3a"
            },
            "dist": {
                "type": "zip",
                "url": "https://api.github.com/repos/symfony/Process/zipball/9bbacbb3a7a27b17c0d51e2f126f59e0e588ad3a",
                "reference": "9bbacbb3a7a27b17c0d51e2f126f59e0e588ad3a",
                "shasum": ""
            },
            "require": {
                "php": ">=5.3.3"
            },
            "type": "library",
            "extra": {
                "branch-alias": {
                    "dev-master": "2.5-dev"
                }
            },
            "autoload": {
                "psr-0": {
                    "Symfony\\Component\\Process\\": ""
                }
            },
            "notification-url": "https://packagist.org/downloads/",
            "license": [
                "MIT"
            ],
            "authors": [
                {
                    "name": "Symfony Community",
                    "homepage": "http://symfony.com/contributors"
                },
                {
                    "name": "Fabien Potencier",
                    "email": "fabien@symfony.com"
                }
            ],
            "description": "Symfony Process Component",
            "homepage": "http://symfony.com",
            "time": "2014-10-01 05:50:18"
        }
    ],
    "packages-dev": [],
    "aliases": [],
    "minimum-stability": "stable",
    "stability-flags": {
        "leafo/scssphp": 20,
        "ptachoire/cssembed": 20,
        "leafo/scssphp-compass": 20,
        "patchwork/jsqueeze": 20
    },
    "prefer-stable": false,
    "platform": [],
    "platform-dev": []
}
